// !$*UTF8*$!
{
	archiveVersion = 1;
	classes = {
	};
	objectVersion = 50;
	objects = {

/* Begin PBXBuildFile section */
		ADA3472E22E016020047490E /* AppDelegate.swift in Sources */ = {isa = PBXBuildFile; fileRef = ADA3472D22E016020047490E /* AppDelegate.swift */; };
		ADA3473022E016020047490E /* ViewController.swift in Sources */ = {isa = PBXBuildFile; fileRef = ADA3472F22E016020047490E /* ViewController.swift */; };
		ADA3473322E016020047490E /* Main.storyboard in Resources */ = {isa = PBXBuildFile; fileRef = ADA3473122E016020047490E /* Main.storyboard */; };
		ADA3473522E016040047490E /* Assets.xcassets in Resources */ = {isa = PBXBuildFile; fileRef = ADA3473422E016040047490E /* Assets.xcassets */; };
		ADA3473822E016040047490E /* LaunchScreen.storyboard in Resources */ = {isa = PBXBuildFile; fileRef = ADA3473622E016040047490E /* LaunchScreen.storyboard */; };
		B820A397C74D5AA7272E824D /* Pods_RxDemoSelf.framework in Frameworks */ = {isa = PBXBuildFile; fileRef = 8627AA66EAB5528E85FAA437 /* Pods_RxDemoSelf.framework */; };
/* End PBXBuildFile section */

/* Begin PBXFileReference section */
		44E2F226A9660195EC54D369 /* Pods-RxDemoSelf.debug.xcconfig */ = {isa = PBXFileReference; includeInIndex = 1; lastKnownFileType = text.xcconfig; name = "Pods-RxDemoSelf.debug.xcconfig"; path = "Target Support Files/Pods-RxDemoSelf/Pods-RxDemoSelf.debug.xcconfig"; sourceTree = "<group>"; };
		8627AA66EAB5528E85FAA437 /* Pods_RxDemoSelf.framework */ = {isa = PBXFileReference; explicitFileType = wrapper.framework; includeInIndex = 0; path = Pods_RxDemoSelf.framework; sourceTree = BUILT_PRODUCTS_DIR; };
		ADA3472A22E016020047490E /* RxDemoSelf.app */ = {isa = PBXFileReference; explicitFileType = wrapper.application; includeInIndex = 0; path = RxDemoSelf.app; sourceTree = BUILT_PRODUCTS_DIR; };
		ADA3472D22E016020047490E /* AppDelegate.swift */ = {isa = PBXFileReference; lastKnownFileType = sourcecode.swift; path = AppDelegate.swift; sourceTree = "<group>"; };
		ADA3472F22E016020047490E /* ViewController.swift */ = {isa = PBXFileReference; lastKnownFileType = sourcecode.swift; path = ViewController.swift; sourceTree = "<group>"; };
		ADA3473222E016020047490E /* Base */ = {isa = PBXFileReference; lastKnownFileType = file.storyboard; name = Base; path = Base.lproj/Main.storyboard; sourceTree = "<group>"; };
		ADA3473422E016040047490E /* Assets.xcassets */ = {isa = PBXFileReference; lastKnownFileType = folder.assetcatalog; path = Assets.xcassets; sourceTree = "<group>"; };
		ADA3473722E016040047490E /* Base */ = {isa = PBXFileReference; lastKnownFileType = file.storyboard; name = Base; path = Base.lproj/LaunchScreen.storyboard; sourceTree = "<group>"; };
		ADA3473922E016040047490E /* Info.plist */ = {isa = PBXFileReference; lastKnownFileType = text.plist.xml; path = Info.plist; sourceTree = "<group>"; };
		F29BDFBA4139149A182FB85D /* Pods-RxDemoSelf.release.xcconfig */ = {isa = PBXFileReference; includeInIndex = 1; lastKnownFileType = text.xcconfig; name = "Pods-RxDemoSelf.release.xcconfig"; path = "Target Support Files/Pods-RxDemoSelf/Pods-RxDemoSelf.release.xcconfig"; sourceTree = "<group>"; };
/* End PBXFileReference section */

/* Begin PBXFrameworksBuildPhase section */
		ADA3472722E016020047490E /* Frameworks */ = {
			isa = PBXFrameworksBuildPhase;
			buildActionMask = 2147483647;
			files = (
				B820A397C74D5AA7272E824D /* Pods_RxDemoSelf.framework in Frameworks */,
			);
			runOnlyForDeploymentPostprocessing = 0;
		};
/* End PBXFrameworksBuildPhase section */

/* Begin PBXGroup section */
		54C0B6DA77C1AFD7DAC50D07 /* Pods */ = {
			isa = PBXGroup;
			children = (
				44E2F226A9660195EC54D369 /* Pods-RxDemoSelf.debug.xcconfig */,
				F29BDFBA4139149A182FB85D /* Pods-RxDemoSelf.release.xcconfig */,
			);
			path = Pods;
			sourceTree = "<group>";
		};
		7F8762788CD5154592B74C60 /* Frameworks */ = {
			isa = PBXGroup;
			children = (
				8627AA66EAB5528E85FAA437 /* Pods_RxDemoSelf.framework */,
			);
			name = Frameworks;
			sourceTree = "<group>";
		};
		ADA3472122E016020047490E = {
			isa = PBXGroup;
			children = (
				ADA3472C22E016020047490E /* RxDemoSelf */,
				ADA3472B22E016020047490E /* Products */,
				54C0B6DA77C1AFD7DAC50D07 /* Pods */,
				7F8762788CD5154592B74C60 /* Frameworks */,
			);
			sourceTree = "<group>";
		};
		ADA3472B22E016020047490E /* Products */ = {
			isa = PBXGroup;
			children = (
				ADA3472A22E016020047490E /* RxDemoSelf.app */,
			);
			name = Products;
			sourceTree = "<group>";
		};
		ADA3472C22E016020047490E /* RxDemoSelf */ = {
			isa = PBXGroup;
			children = (
				ADA3472D22E016020047490E /* AppDelegate.swift */,
				ADA3472F22E016020047490E /* ViewController.swift */,
				ADA3473122E016020047490E /* Main.storyboard */,
				ADA3473422E016040047490E /* Assets.xcassets */,
				ADA3473622E016040047490E /* LaunchScreen.storyboard */,
				ADA3473922E016040047490E /* Info.plist */,
			);
			path = RxDemoSelf;
			sourceTree = "<group>";
		};
/* End PBXGroup section */

/* Begin PBXNativeTarget section */
		ADA3472922E016020047490E /* RxDemoSelf */ = {
			isa = PBXNativeTarget;
			buildConfigurationList = ADA3473C22E016040047490E /* Build configuration list for PBXNativeTarget "RxDemoSelf" */;
			buildPhases = (
				408C9A2ADA465610A6160DB7 /* [CP] Check Pods Manifest.lock */,
				ADA3472622E016020047490E /* Sources */,
				ADA3472722E016020047490E /* Frameworks */,
				ADA3472822E016020047490E /* Resources */,
				159D0FD51B7CBAF92297964F /* [CP] Embed Pods Frameworks */,
			);
			buildRules = (
			);
			dependencies = (
			);
			name = RxDemoSelf;
			productName = RxDemoSelf;
			productReference = ADA3472A22E016020047490E /* RxDemoSelf.app */;
			productType = "com.apple.product-type.application";
		};
/* End PBXNativeTarget section */

/* Begin PBXProject section */
		ADA3472222E016020047490E /* Project object */ = {
			isa = PBXProject;
			attributes = {
				LastSwiftUpdateCheck = 1020;
				LastUpgradeCheck = 1020;
				ORGANIZATIONNAME = guanyujie;
				TargetAttributes = {
					ADA3472922E016020047490E = {
						CreatedOnToolsVersion = 10.2.1;
					};
				};
			};
			buildConfigurationList = ADA3472522E016020047490E /* Build configuration list for PBXProject "RxDemoSelf" */;
			compatibilityVersion = "Xcode 9.3";
			developmentRegion = en;
			hasScannedForEncodings = 0;
			knownRegions = (
				en,
				Base,
			);
			mainGroup = ADA3472122E016020047490E;
			productRefGroup = ADA3472B22E016020047490E /* Products */;
			projectDirPath = "";
			projectRoot = "";
			targets = (
				ADA3472922E016020047490E /* RxDemoSelf */,
			);
		};
/* End PBXProject section */

/* Begin PBXResourcesBuildPhase section */
		ADA3472822E016020047490E /* Resources */ = {
			isa = PBXResourcesBuildPhase;
			buildActionMask = 2147483647;
			files = (
				ADA3473822E016040047490E /* LaunchScreen.storyboard in Resources */,
				ADA3473522E016040047490E /* Assets.xcassets in Resources */,
				ADA3473322E016020047490E /* Main.storyboard in Resources */,
			);
			runOnlyForDeploymentPostprocessing = 0;
		};
/* End PBXResourcesBuildPhase section */

/* Begin PBXShellScriptBuildPhase section */
		159D0FD51B7CBAF92297964F /* [CP] Embed Pods Frameworks */ = {
			isa = PBXShellScriptBuildPhase;
			buildActionMask = 2147483647;
			files = (
			);
			inputFileListPaths = (
			);
			name = "[CP] Embed Pods Frameworks";
			outputFileListPaths = (
			);
			runOnlyForDeploymentPostprocessing = 0;
			shellPath = /bin/sh;
			shellScript = "\"${PODS_ROOT}/Target Support Files/Pods-RxDemoSelf/Pods-RxDemoSelf-frameworks.sh\"\n";
			showEnvVarsInLog = 0;
		};
		408C9A2ADA465610A6160DB7 /* [CP] Check Pods Manifest.lock */ = {
			isa = PBXShellScriptBuildPhase;
			buildActionMask = 2147483647;
			files = (
			);
			inputFileListPaths = (
			);
			inputPaths = (
				"${PODS_PODFILE_DIR_PATH}/Podfile.lock",
				"${PODS_ROOT}/Manifest.lock",
			);
			name = "[CP] Check Pods Manifest.lock";
			outputFileListPaths = (
			);
			outputPaths = (
				"$(DERIVED_FILE_DIR)/Pods-RxDemoSelf-checkManifestLockResult.txt",
			);
			runOnlyForDeploymentPostprocessing = 0;
			shellPath = /bin/sh;
			shellScript = "diff \"${PODS_PODFILE_DIR_PATH}/Podfile.lock\" \"${PODS_ROOT}/Manifest.lock\" > /dev/null\nif [ $? != 0 ] ; then\n    # print error to STDERR\n    echo \"error: The sandbox is not in sync with the Podfile.lock. Run 'pod install' or update your CocoaPods installation.\" >&2\n    exit 1\nfi\n# This output is used by Xcode 'outputs' to avoid re-running this script phase.\necho \"SUCCESS\" > \"${SCRIPT_OUTPUT_FILE_0}\"\n";
			showEnvVarsInLog = 0;
		};
/* End PBXShellScriptBuildPhase section */

/* Begin PBXSourcesBuildPhase section */
		ADA3472622E016020047490E /* Sources */ = {
			isa = PBXSourcesBuildPhase;
			buildActionMask = 2147483647;
			files = (
				ADA3473022E016020047490E /* ViewController.swift in Sources */,
				ADA3472E22E016020047490E /* AppDelegate.swift in Sources */,
			);
			runOnlyForDeploymentPostprocessing = 0;
		};
/* End PBXSourcesBuildPhase section */

/* Begin PBXVariantGroup section */
		ADA3473122E016020047490E /* Main.storyboard */ = {
			isa = PBXVariantGroup;
			children = (
				ADA3473222E016020047490E /* Base */,
			);
			name = Main.storyboard;
			sourceTree = "<group>";
		};
		ADA3473622E016040047490E /* LaunchScreen.storyboard */ = {
			isa = PBXVariantGroup;
			children = (
				ADA3473722E016040047490E /* Base */,
			);
			name = LaunchScreen.storyboard;
			sourceTree = "<group>";
		};
/* End PBXVariantGroup section */

/* Begin XCBuildConfiguration section */
		ADA3473A22E016040047490E /* Debug */ = {
			isa = XCBuildConfiguration;
			buildSettings = {
				ALWAYS_SEARCH_USER_PATHS = NO;
				CLANG_ANALYZER_NONNULL = YES;
				CLANG_ANALYZER_NUMBER_OBJECT_CONVERSION = YES_AGGRESSIVE;
				CLANG_CXX_LANGUAGE_STANDARD = "gnu++14";
				CLANG_CXX_LIBRARY = "libc++";
				CLANG_ENABLE_MODULES = YES;
				CLANG_ENABLE_OBJC_ARC = YES;
				CLANG_ENABLE_OBJC_WEAK = YES;
				CLANG_WARN_BLOCK_CAPTURE_AUTORELEASING = YES;
				CLANG_WARN_BOOL_CONVERSION = YES;
				CLANG_WARN_COMMA = YES;
				CLANG_WARN_CONSTANT_CONVERSION = YES;
				CLANG_WARN_DEPRECATED_OBJC_IMPLEMENTATIONS = YES;
				CLANG_WARN_DIRECT_OBJC_ISA_USAGE = YES_ERROR;
				CLANG_WARN_DOCUMENTATION_COMMENTS = YES;
				CLANG_WARN_EMPTY_BODY = YES;
				CLANG_WARN_ENUM_CONVERSION = YES;
				CLANG_WARN_INFINITE_RECURSION = YES;
				CLANG_WARN_INT_CONVERSION = YES;
				CLANG_WARN_NON_LITERAL_NULL_CONVERSION = YES;
				CLANG_WARN_OBJC_IMPLICIT_RETAIN_SELF = YES;
				CLANG_WARN_OBJC_LITERAL_CONVERSION = YES;
				CLANG_WARN_OBJC_ROOT_CLASS = YES_ERROR;
				CLANG_WARN_RANGE_LOOP_ANALYSIS = YES;
				CLANG_WARN_STRICT_PROTOTYPES = YES;
				CLANG_WARN_SUSPICIOUS_MOVE = YES;
				CLANG_WARN_UNGUARDED_AVAILABILITY = YES_AGGRESSIVE;
				CLANG_WARN_UNREACHABLE_CODE = YES;
				CLANG_WARN__DUPLICATE_METHOD_MATCH = YES;
				CODE_SIGN_IDENTITY = "iPhone Developer";
				COPY_PHASE_STRIP = NO;
				DEBUG_INFORMATION_FORMAT = dwarf;
				ENABLE_STRICT_OBJC_MSGSEND = YES;
				ENABLE_TESTABILITY = YES;
				GCC_C_LANGUAGE_STANDARD = gnu11;
				GCC_DYNAMIC_NO_PIC = NO;
				GCC_NO_COMMON_BLOCKS = YES;
				GCC_OPTIMIZATION_LEVEL = 0;
				GCC_PREPROCESSOR_DEFINITIONS = (
					"DEBUG=1",
					"$(inherited)",
				);
				GCC_WARN_64_TO_32_BIT_CONVERSION = YES;
				GCC_WARN_ABOUT_RETURN_TYPE = YES_ERROR;
				GCC_WARN_UNDECLARED_SELECTOR = YES;
				GCC_WARN_UNINITIALIZED_AUTOS = YES_AGGRESSIVE;
				GCC_WARN_UNUSED_FUNCTION = YES;
				GCC_WARN_UNUSED_VARIABLE = YES;
				IPHONEOS_DEPLOYMENT_TARGET = 12.2;
				MTL_ENABLE_DEBUG_INFO = INCLUDE_SOURCE;
				MTL_FAST_MATH = YES;
				ONLY_ACTIVE_ARCH = YES;
				SDKROOT = iphoneos;
				SWIFT_ACTIVE_COMPILATION_CONDITIONS = DEBUG;
				SWIFT_OPTIMIZATION_LEVEL = "-Onone";
			};
			name = Debug;
		};
		ADA3473B22E016040047490E /* Release */ = {
			isa = XCBuildConfiguration;
			buildSettings = {
				ALWAYS_SEARCH_USER_PATHS = NO;
				CLANG_ANALYZER_NONNULL = YES;
				CLANG_ANALYZER_NUMBER_OBJECT_CONVERSION = YES_AGGRESSIVE;
				CLANG_CXX_LANGUAGE_STANDARD = "gnu++14";
				CLANG_CXX_LIBRARY = "libc++";
				CLANG_ENABLE_MODULES = YES;
				CLANG_ENABLE_OBJC_ARC = YES;
				CLANG_ENABLE_OBJC_WEAK = YES;
				CLANG_WARN_BLOCK_CAPTURE_AUTORELEASING = YES;
				CLANG_WARN_BOOL_CONVERSION = YES;
				CLANG_WARN_COMMA = YES;
				CLANG_WARN_CONSTANT_CONVERSION = YES;
				CLANG_WARN_DEPRECATED_OBJC_IMPLEMENTATIONS = YES;
				CLANG_WARN_DIRECT_OBJC_ISA_USAGE = YES_ERROR;
				CLANG_WARN_DOCUMENTATION_COMMENTS = YES;
				CLANG_WARN_EMPTY_BODY = YES;
				CLANG_WARN_ENUM_CONVERSION = YES;
				CLANG_WARN_INFINITE_RECURSION = YES;
				CLANG_WARN_INT_CONVERSION = YES;
				CLANG_WARN_NON_LITERAL_NULL_CONVERSION = YES;
				CLANG_WARN_OBJC_IMPLICIT_RETAIN_SELF = YES;
				CLANG_WARN_OBJC_LITERAL_CONVERSION = YES;
				CLANG_WARN_OBJC_ROOT_CLASS = YES_ERROR;
				CLANG_WARN_RANGE_LOOP_ANALYSIS = YES;
				CLANG_WARN_STRICT_PROTOTYPES = YES;
				CLANG_WARN_SUSPICIOUS_MOVE = YES;
				CLANG_WARN_UNGUARDED_AVAILABILITY = YES_AGGRESSIVE;
				CLANG_WARN_UNREACHABLE_CODE = YES;
				CLANG_WARN__DUPLICATE_METHOD_MATCH = YES;
				CODE_SIGN_IDENTITY = "iPhone Developer";
				COPY_PHASE_STRIP = NO;
				DEBUG_INFORMATION_FORMAT = "dwarf-with-dsym";
				ENABLE_NS_ASSERTIONS = NO;
				ENABLE_STRICT_OBJC_MSGSEND = YES;
				GCC_C_LANGUAGE_STANDARD = gnu11;
				GCC_NO_COMMON_BLOCKS = YES;
				GCC_WARN_64_TO_32_BIT_CONVERSION = YES;
				GCC_WARN_ABOUT_RETURN_TYPE = YES_ERROR;
				GCC_WARN_UNDECLARED_SELECTOR = YES;
				GCC_WARN_UNINITIALIZED_AUTOS = YES_AGGRESSIVE;
				GCC_WARN_UNUSED_FUNCTION = YES;
				GCC_WARN_UNUSED_VARIABLE = YES;
				IPHONEOS_DEPLOYMENT_TARGET = 12.2;
				MTL_ENABLE_DEBUG_INFO = NO;
				MTL_FAST_MATH = YES;
				SDKROOT = iphoneos;
				SWIFT_COMPILATION_MODE = wholemodule;
				SWIFT_OPTIMIZATION_LEVEL = "-O";
				VALIDATE_PRODUCT = YES;
			};
			name = Release;
		};
		ADA3473D22E016040047490E /* Debug */ = {
			isa = XCBuildConfiguration;
			baseConfigurationReference = 44E2F226A9660195EC54D369 /* Pods-RxDemoSelf.debug.xcconfig */;
			buildSettings = {
				ASSETCATALOG_COMPILER_APPICON_NAME = AppIcon;
				CODE_SIGN_STYLE = Automatic;
				INFOPLIST_FILE = RxDemoSelf/Info.plist;
				LD_RUNPATH_SEARCH_PATHS = (
					"$(inherited)",
					"@executable_path/Frameworks",
				);
				PRODUCT_BUNDLE_IDENTIFIER = "-23.RxDemoSelf";
				PRODUCT_NAME = "$(TARGET_NAME)";
				SWIFT_VERSION = 5.0;
				TARGETED_DEVICE_FAMILY = "1,2";
			};
			name = Debug;
		};
		ADA3473E22E016040047490E /* Release */ = {
			isa = XCBuildConfiguration;
			baseConfigurationReference = F29BDFBA4139149A182FB85D /* Pods-RxDemoSelf.release.xcconfig */;
			buildSettings = {
				ASSETCATALOG_COMPILER_APPICON_NAME = AppIcon;
				CODE_SIGN_STYLE = Automatic;
				INFOPLIST_FILE = RxDemoSelf/Info.plist;
				LD_RUNPATH_SEARCH_PATHS = (
					"$(inherited)",
					"@executable_path/Frameworks",
				);
				PRODUCT_BUNDLE_IDENTIFIER = "-23.RxDemoSelf";
				PRODUCT_NAME = "$(TARGET_NAME)";
				SWIFT_VERSION = 5.0;
				TARGETED_DEVICE_FAMILY = "1,2";
			};
			name = Release;
		};
/* End XCBuildConfiguration section */

/* Begin XCConfigurationList section */
		ADA3472522E016020047490E /* Build configuration list for PBXProject "RxDemoSelf" */ = {
			isa = XCConfigurationList;
			buildConfigurations = (
				ADA3473A22E016040047490E /* Debug */,
				ADA3473B22E016040047490E /* Release */,
			);
			defaultConfigurationIsVisible = 0;
			defaultConfigurationName = Release;
		};
		ADA3473C22E016040047490E /* Build configuration list for PBXNativeTarget "RxDemoSelf" */ = {
			isa = XCConfigurationList;
			buildConfigurations = (
				ADA3473D22E016040047490E /* Debug */,
				ADA3473E22E016040047490E /* Release */,
			);
			defaultConfigurationIsVisible = 0;
			defaultConfigurationName = Release;
		};
/* End XCConfigurationList section */
	};
	rootObject = ADA3472222E016020047490E /* Project object */;
}
